
Microsoft Visual Studio Solution File, Format Version 12.00
# Visual Studio 15
VisualStudioVersion = 15.0.27130.2026
MinimumVisualStudioVersion = 10.0.40219.1
Project("{FAE04EC0-301F-11D3-BF4B-00C04F79EFBC}") = "BTLCShapDotNet", "BTLCShapDotNet\BTLCShapDotNet.csproj", "{A179661F-EA08-4887-93A2-8B10426C1E86}"
EndProject
Global
	GlobalSection(SolutionConfigurationPlatforms) = preSolution
		Debug|Any CPU = Debug|Any CPU
		Release|Any CPU = Release|Any CPU
	EndGlobalSection
	GlobalSection(ProjectConfigurationPlatforms) = postSolution
		{A179661F-EA08-4887-93A2-8B10426C1E86}.Debug|Any CPU.ActiveCfg = Debug|Any CPU
		{A179661F-EA08-4887-93A2-8B10426C1E86}.Debug|Any CPU.Build.0 = Debug|Any CPU
		{A179661F-EA08-4887-93A2-8B10426C1E86}.Release|Any CPU.ActiveCfg = Release|Any CPU
		{A179661F-EA08-4887-93A2-8B10426C1E86}.Release|Any CPU.Build.0 = Release|Any CPU
	EndGlobalSection
	GlobalSection(SolutionProperties) = preSolution
		HideSolutionNode = FALSE
	EndGlobalSection
	GlobalSection(ExtensibilityGlobals) = postSolution
		SolutionGuid = {B25F46FF-B630-4F49-A15D-B0E9E735F71C}
	EndGlobalSection
EndGlobal
